// !$*UTF8*$!
{
	archiveVersion = 1;
	classes = {
	};
	objectVersion = 77;
	objects = {

/* Begin PBXBuildFile section */
		889AFC3D2E9C52D2008D3E71 /* GoogleSignIn in Frameworks */ = {isa = PBXBuildFile; productRef = 889AFC3C2E9C52D2008D3E71 /* GoogleSignIn */; };
		889AFC3F2E9C52D2008D3E71 /* GoogleSignInSwift in Frameworks */ = {isa = PBXBuildFile; productRef = 889AFC3E2E9C52D2008D3E71 /* GoogleSignInSwift */; };
		889AFC422E9C6C05008D3E71 /* FirebaseAnalytics in Frameworks */ = {isa = PBXBuildFile; productRef = 889AFC412E9C6C05008D3E71 /* FirebaseAnalytics */; };
		889AFC442E9C6C05008D3E71 /* FirebaseAuth in Frameworks */ = {isa = PBXBuildFile; productRef = 889AFC432E9C6C05008D3E71 /* FirebaseAuth */; };
		889AFC462E9C6C05008D3E71 /* FirebaseAuthCombine-Community in Frameworks */ = {isa = PBXBuildFile; productRef = 889AFC452E9C6C05008D3E71 /* FirebaseAuthCombine-Community */; };
		889AFC482E9C6C05008D3E71 /* FirebaseCore in Frameworks */ = {isa = PBXBuildFile; productRef = 889AFC472E9C6C05008D3E71 /* FirebaseCore */; };
		889AFC4A2E9C6C05008D3E71 /* FirebaseCrashlytics in Frameworks */ = {isa = PBXBuildFile; productRef = 889AFC492E9C6C05008D3E71 /* FirebaseCrashlytics */; };
		889AFC4C2E9C6C05008D3E71 /* FirebaseFirestore in Frameworks */ = {isa = PBXBuildFile; productRef = 889AFC4B2E9C6C05008D3E71 /* FirebaseFirestore */; };
		889AFC4E2E9C6C05008D3E71 /* FirebaseFirestoreCombine-Community in Frameworks */ = {isa = PBXBuildFile; productRef = 889AFC4D2E9C6C05008D3E71 /* FirebaseFirestoreCombine-Community */; };
		889AFC502E9C6C05008D3E71 /* FirebaseInAppMessaging-Beta in Frameworks */ = {isa = PBXBuildFile; productRef = 889AFC4F2E9C6C05008D3E71 /* FirebaseInAppMessaging-Beta */; };
		889AFC522E9C6C05008D3E71 /* FirebaseMessaging in Frameworks */ = {isa = PBXBuildFile; productRef = 889AFC512E9C6C05008D3E71 /* FirebaseMessaging */; };
		889AFC542E9C6C05008D3E71 /* FirebaseStorage in Frameworks */ = {isa = PBXBuildFile; productRef = 889AFC532E9C6C05008D3E71 /* FirebaseStorage */; };
/* End PBXBuildFile section */

/* Begin PBXFileReference section */
		08484CFEB5DD98B7DCF289B6 /* NutriSportClone.app */ = {isa = PBXFileReference; explicitFileType = wrapper.application; includeInIndex = 0; path = NutriSportClone.app; sourceTree = BUILT_PRODUCTS_DIR; };
/* End PBXFileReference section */

/* Begin PBXFileSystemSynchronizedBuildFileExceptionSet section */
		2FF9FBF259E283FA3BD4004A /* Exceptions for "iosApp" folder in "iosApp" target */ = {
			isa = PBXFileSystemSynchronizedBuildFileExceptionSet;
			membershipExceptions = (
				Info.plist,
			);
			target = AE3D7DA1577FC3F3045C9D33 /* iosApp */;
		};
/* End PBXFileSystemSynchronizedBuildFileExceptionSet section */

/* Begin PBXFileSystemSynchronizedRootGroup section */
		44A6BAACE24AC3D3B1D17962 /* iosApp */ = {
			isa = PBXFileSystemSynchronizedRootGroup;
			exceptions = (
				2FF9FBF259E283FA3BD4004A /* Exceptions for "iosApp" folder in "iosApp" target */,
			);
			path = iosApp;
			sourceTree = "<group>";
		};
		4ABF65B2303929FF91F44BBA /* Configuration */ = {
			isa = PBXFileSystemSynchronizedRootGroup;
			path = Configuration;
			sourceTree = "<group>";
		};
/* End PBXFileSystemSynchronizedRootGroup section */

/* Begin PBXFrameworksBuildPhase section */
		64960FE1423A5471E4D90A6C /* Frameworks */ = {
			isa = PBXFrameworksBuildPhase;
			buildActionMask = 2147483647;
			files = (
				889AFC3D2E9C52D2008D3E71 /* GoogleSignIn in Frameworks */,
				889AFC3F2E9C52D2008D3E71 /* GoogleSignInSwift in Frameworks */,
				889AFC422E9C6C05008D3E71 /* FirebaseAnalytics in Frameworks */,
				889AFC4E2E9C6C05008D3E71 /* FirebaseFirestoreCombine-Community in Frameworks */,
				889AFC4A2E9C6C05008D3E71 /* FirebaseCrashlytics in Frameworks */,
				889AFC542E9C6C05008D3E71 /* FirebaseStorage in Frameworks */,
				889AFC442E9C6C05008D3E71 /* FirebaseAuth in Frameworks */,
				889AFC4C2E9C6C05008D3E71 /* FirebaseFirestore in Frameworks */,
				889AFC482E9C6C05008D3E71 /* FirebaseCore in Frameworks */,
				889AFC462E9C6C05008D3E71 /* FirebaseAuthCombine-Community in Frameworks */,
				889AFC522E9C6C05008D3E71 /* FirebaseMessaging in Frameworks */,
				889AFC502E9C6C05008D3E71 /* FirebaseInAppMessaging-Beta in Frameworks */,
			);
			runOnlyForDeploymentPostprocessing = 0;
		};
/* End PBXFrameworksBuildPhase section */

/* Begin PBXGroup section */
		32D98AE0278BA14D9ECAC50B = {
			isa = PBXGroup;
			children = (
				4ABF65B2303929FF91F44BBA /* Configuration */,
				44A6BAACE24AC3D3B1D17962 /* iosApp */,
				59DAE43DCA1976157495A4C9 /* Products */,
			);
			sourceTree = "<group>";
		};
		59DAE43DCA1976157495A4C9 /* Products */ = {
			isa = PBXGroup;
			children = (
				08484CFEB5DD98B7DCF289B6 /* NutriSportClone.app */,
			);
			name = Products;
			sourceTree = "<group>";
		};
/* End PBXGroup section */

/* Begin PBXNativeTarget section */
		AE3D7DA1577FC3F3045C9D33 /* iosApp */ = {
			isa = PBXNativeTarget;
			buildConfigurationList = D9B566E650CE31D5D47D0596 /* Build configuration list for PBXNativeTarget "iosApp" */;
			buildPhases = (
				C3CD530141E5BA340D00E30C /* Compile Kotlin Framework */,
				FDA9A1BD6A34F464AE3643D2 /* Sources */,
				64960FE1423A5471E4D90A6C /* Frameworks */,
				4E55B22308E243C6D57E9A65 /* Resources */,
			);
			buildRules = (
			);
			dependencies = (
			);
			fileSystemSynchronizedGroups = (
				44A6BAACE24AC3D3B1D17962 /* iosApp */,
			);
			name = iosApp;
			packageProductDependencies = (
				889AFC3C2E9C52D2008D3E71 /* GoogleSignIn */,
				889AFC3E2E9C52D2008D3E71 /* GoogleSignInSwift */,
				889AFC412E9C6C05008D3E71 /* FirebaseAnalytics */,
				889AFC432E9C6C05008D3E71 /* FirebaseAuth */,
				889AFC452E9C6C05008D3E71 /* FirebaseAuthCombine-Community */,
				889AFC472E9C6C05008D3E71 /* FirebaseCore */,
				889AFC492E9C6C05008D3E71 /* FirebaseCrashlytics */,
				889AFC4B2E9C6C05008D3E71 /* FirebaseFirestore */,
				889AFC4D2E9C6C05008D3E71 /* FirebaseFirestoreCombine-Community */,
				889AFC4F2E9C6C05008D3E71 /* FirebaseInAppMessaging-Beta */,
				889AFC512E9C6C05008D3E71 /* FirebaseMessaging */,
				889AFC532E9C6C05008D3E71 /* FirebaseStorage */,
			);
			productName = iosApp;
			productReference = 08484CFEB5DD98B7DCF289B6 /* NutriSportClone.app */;
			productType = "com.apple.product-type.application";
		};
/* End PBXNativeTarget section */

/* Begin PBXProject section */
		F0C9D5FD9EC39E7F9669B928 /* Project object */ = {
			isa = PBXProject;
			attributes = {
				BuildIndependentTargetsInParallel = 1;
				LastSwiftUpdateCheck = 1620;
				LastUpgradeCheck = 2600;
				TargetAttributes = {
					AE3D7DA1577FC3F3045C9D33 = {
						CreatedOnToolsVersion = 16.2;
					};
				};
			};
			buildConfigurationList = 1D2DF2A3C5F4CD41033CA4F3 /* Build configuration list for PBXProject "iosApp" */;
			developmentRegion = en;
			hasScannedForEncodings = 0;
			knownRegions = (
				en,
				Base,
			);
			mainGroup = 32D98AE0278BA14D9ECAC50B;
			minimizedProjectReferenceProxies = 1;
			packageReferences = (
				889AFC3B2E9C52D2008D3E71 /* XCRemoteSwiftPackageReference "GoogleSignIn-iOS" */,
				889AFC402E9C6C05008D3E71 /* XCRemoteSwiftPackageReference "firebase-ios-sdk" */,
			);
			preferredProjectObjectVersion = 77;
			productRefGroup = 59DAE43DCA1976157495A4C9 /* Products */;
			projectDirPath = "";
			projectRoot = "";
			targets = (
				AE3D7DA1577FC3F3045C9D33 /* iosApp */,
			);
		};
/* End PBXProject section */

/* Begin PBXResourcesBuildPhase section */
		4E55B22308E243C6D57E9A65 /* Resources */ = {
			isa = PBXResourcesBuildPhase;
			buildActionMask = 2147483647;
			files = (
			);
			runOnlyForDeploymentPostprocessing = 0;
		};
/* End PBXResourcesBuildPhase section */

/* Begin PBXShellScriptBuildPhase section */
		C3CD530141E5BA340D00E30C /* Compile Kotlin Framework */ = {
			isa = PBXShellScriptBuildPhase;
			alwaysOutOfDate = 1;
			buildActionMask = 2147483647;
			files = (
			);
			inputFileListPaths = (
			);
			inputPaths = (
			);
			name = "Compile Kotlin Framework";
			outputFileListPaths = (
			);
			outputPaths = (
			);
			runOnlyForDeploymentPostprocessing = 0;
			shellPath = /bin/sh;
			shellScript = "if [ \"YES\" = \"$OVERRIDE_KOTLIN_BUILD_IDE_SUPPORTED\" ]; then\n  echo \"Skipping Gradle build task invocation due to OVERRIDE_KOTLIN_BUILD_IDE_SUPPORTED environment variable set to \\\"YES\\\"\"\n  exit 0\nfi\ncd \"$SRCROOT/..\"\n./gradlew :composeApp:embedAndSignAppleFrameworkForXcode\n";
		};
/* End PBXShellScriptBuildPhase section */

/* Begin PBXSourcesBuildPhase section */
		FDA9A1BD6A34F464AE3643D2 /* Sources */ = {
			isa = PBXSourcesBuildPhase;
			buildActionMask = 2147483647;
			files = (
			);
			runOnlyForDeploymentPostprocessing = 0;
		};
/* End PBXSourcesBuildPhase section */

/* Begin XCBuildConfiguration section */
		0C0230FD72C00038651BCC7F /* Release */ = {
			isa = XCBuildConfiguration;
			baseConfigurationReferenceAnchor = 4ABF65B2303929FF91F44BBA /* Configuration */;
			baseConfigurationReferenceRelativePath = Config.xcconfig;
			buildSettings = {
				ALWAYS_SEARCH_USER_PATHS = NO;
				ASSETCATALOG_COMPILER_GENERATE_SWIFT_ASSET_SYMBOL_EXTENSIONS = YES;
				CLANG_ANALYZER_NONNULL = YES;
				CLANG_ANALYZER_NUMBER_OBJECT_CONVERSION = YES_AGGRESSIVE;
				CLANG_CXX_LANGUAGE_STANDARD = "gnu++20";
				CLANG_ENABLE_MODULES = YES;
				CLANG_ENABLE_OBJC_ARC = YES;
				CLANG_ENABLE_OBJC_WEAK = YES;
				CLANG_WARN_BLOCK_CAPTURE_AUTORELEASING = YES;
				CLANG_WARN_BOOL_CONVERSION = YES;
				CLANG_WARN_COMMA = YES;
				CLANG_WARN_CONSTANT_CONVERSION = YES;
				CLANG_WARN_DEPRECATED_OBJC_IMPLEMENTATIONS = YES;
				CLANG_WARN_DIRECT_OBJC_ISA_USAGE = YES_ERROR;
				CLANG_WARN_DOCUMENTATION_COMMENTS = YES;
				CLANG_WARN_EMPTY_BODY = YES;
				CLANG_WARN_ENUM_CONVERSION = YES;
				CLANG_WARN_INFINITE_RECURSION = YES;
				CLANG_WARN_INT_CONVERSION = YES;
				CLANG_WARN_NON_LITERAL_NULL_CONVERSION = YES;
				CLANG_WARN_OBJC_IMPLICIT_RETAIN_SELF = YES;
				CLANG_WARN_OBJC_LITERAL_CONVERSION = YES;
				CLANG_WARN_OBJC_ROOT_CLASS = YES_ERROR;
				CLANG_WARN_QUOTED_INCLUDE_IN_FRAMEWORK_HEADER = YES;
				CLANG_WARN_RANGE_LOOP_ANALYSIS = YES;
				CLANG_WARN_STRICT_PROTOTYPES = YES;
				CLANG_WARN_SUSPICIOUS_MOVE = YES;
				CLANG_WARN_UNGUARDED_AVAILABILITY = YES_AGGRESSIVE;
				CLANG_WARN_UNREACHABLE_CODE = YES;
				CLANG_WARN__DUPLICATE_METHOD_MATCH = YES;
				COPY_PHASE_STRIP = NO;
				DEBUG_INFORMATION_FORMAT = "dwarf-with-dsym";
				DEVELOPMENT_TEAM = "${TEAM_ID}";
				ENABLE_NS_ASSERTIONS = NO;
				ENABLE_STRICT_OBJC_MSGSEND = YES;
				ENABLE_USER_SCRIPT_SANDBOXING = NO;
				GCC_C_LANGUAGE_STANDARD = gnu17;
				GCC_NO_COMMON_BLOCKS = YES;
				GCC_WARN_64_TO_32_BIT_CONVERSION = YES;
				GCC_WARN_ABOUT_RETURN_TYPE = YES_ERROR;
				GCC_WARN_UNDECLARED_SELECTOR = YES;
				GCC_WARN_UNINITIALIZED_AUTOS = YES_AGGRESSIVE;
				GCC_WARN_UNUSED_FUNCTION = YES;
				GCC_WARN_UNUSED_VARIABLE = YES;
				IPHONEOS_DEPLOYMENT_TARGET = 18.2;
				LOCALIZATION_PREFERS_STRING_CATALOGS = YES;
				MTL_ENABLE_DEBUG_INFO = NO;
				MTL_FAST_MATH = YES;
				SDKROOT = iphoneos;
				STRING_CATALOG_GENERATE_SYMBOLS = YES;
				SWIFT_COMPILATION_MODE = wholemodule;
				VALIDATE_PRODUCT = YES;
			};
			name = Release;
		};
		2793830B4FE1E7CF523C85D9 /* Release */ = {
			isa = XCBuildConfiguration;
			buildSettings = {
				ASSETCATALOG_COMPILER_APPICON_NAME = AppIcon;
				ASSETCATALOG_COMPILER_GLOBAL_ACCENT_COLOR_NAME = AccentColor;
				CODE_SIGN_IDENTITY = "Apple Development";
				CODE_SIGN_STYLE = Automatic;
				DEVELOPMENT_ASSET_PATHS = "\"iosApp/Preview Content\"";
				ENABLE_PREVIEWS = YES;
				GENERATE_INFOPLIST_FILE = YES;
				INFOPLIST_FILE = iosApp/Info.plist;
				INFOPLIST_KEY_UIApplicationSceneManifest_Generation = YES;
				INFOPLIST_KEY_UIApplicationSupportsIndirectInputEvents = YES;
				INFOPLIST_KEY_UILaunchScreen_Generation = YES;
				INFOPLIST_KEY_UILaunchStoryboardName = "Launch Screen";
				INFOPLIST_KEY_UISupportedInterfaceOrientations_iPad = "UIInterfaceOrientationPortrait UIInterfaceOrientationPortraitUpsideDown UIInterfaceOrientationLandscapeLeft UIInterfaceOrientationLandscapeRight";
				INFOPLIST_KEY_UISupportedInterfaceOrientations_iPhone = "UIInterfaceOrientationPortrait UIInterfaceOrientationLandscapeLeft UIInterfaceOrientationLandscapeRight";
				LD_RUNPATH_SEARCH_PATHS = (
					"$(inherited)",
					"@executable_path/Frameworks",
				);
				SWIFT_EMIT_LOC_STRINGS = YES;
				SWIFT_VERSION = 5.0;
				TARGETED_DEVICE_FAMILY = "1,2";
			};
			name = Release;
		};
		3F9786402336C14104B24807 /* Debug */ = {
			isa = XCBuildConfiguration;
			buildSettings = {
				ASSETCATALOG_COMPILER_APPICON_NAME = AppIcon;
				ASSETCATALOG_COMPILER_GLOBAL_ACCENT_COLOR_NAME = AccentColor;
				CODE_SIGN_IDENTITY = "Apple Development";
				CODE_SIGN_STYLE = Automatic;
				DEVELOPMENT_ASSET_PATHS = "\"iosApp/Preview Content\"";
				ENABLE_PREVIEWS = YES;
				GENERATE_INFOPLIST_FILE = YES;
				INFOPLIST_FILE = iosApp/Info.plist;
				INFOPLIST_KEY_UIApplicationSceneManifest_Generation = YES;
				INFOPLIST_KEY_UIApplicationSupportsIndirectInputEvents = YES;
				INFOPLIST_KEY_UILaunchScreen_Generation = YES;
				INFOPLIST_KEY_UILaunchStoryboardName = "Launch Screen";
				INFOPLIST_KEY_UISupportedInterfaceOrientations_iPad = "UIInterfaceOrientationPortrait UIInterfaceOrientationPortraitUpsideDown UIInterfaceOrientationLandscapeLeft UIInterfaceOrientationLandscapeRight";
				INFOPLIST_KEY_UISupportedInterfaceOrientations_iPhone = "UIInterfaceOrientationPortrait UIInterfaceOrientationLandscapeLeft UIInterfaceOrientationLandscapeRight";
				LD_RUNPATH_SEARCH_PATHS = (
					"$(inherited)",
					"@executable_path/Frameworks",
				);
				SWIFT_EMIT_LOC_STRINGS = YES;
				SWIFT_VERSION = 5.0;
				TARGETED_DEVICE_FAMILY = "1,2";
			};
			name = Debug;
		};
		E1EAD9E8134C18787D377588 /* Debug */ = {
			isa = XCBuildConfiguration;
			baseConfigurationReferenceAnchor = 4ABF65B2303929FF91F44BBA /* Configuration */;
			baseConfigurationReferenceRelativePath = Config.xcconfig;
			buildSettings = {
				ALWAYS_SEARCH_USER_PATHS = NO;
				ASSETCATALOG_COMPILER_GENERATE_SWIFT_ASSET_SYMBOL_EXTENSIONS = YES;
				CLANG_ANALYZER_NONNULL = YES;
				CLANG_ANALYZER_NUMBER_OBJECT_CONVERSION = YES_AGGRESSIVE;
				CLANG_CXX_LANGUAGE_STANDARD = "gnu++20";
				CLANG_ENABLE_MODULES = YES;
				CLANG_ENABLE_OBJC_ARC = YES;
				CLANG_ENABLE_OBJC_WEAK = YES;
				CLANG_WARN_BLOCK_CAPTURE_AUTORELEASING = YES;
				CLANG_WARN_BOOL_CONVERSION = YES;
				CLANG_WARN_COMMA = YES;
				CLANG_WARN_CONSTANT_CONVERSION = YES;
				CLANG_WARN_DEPRECATED_OBJC_IMPLEMENTATIONS = YES;
				CLANG_WARN_DIRECT_OBJC_ISA_USAGE = YES_ERROR;
				CLANG_WARN_DOCUMENTATION_COMMENTS = YES;
				CLANG_WARN_EMPTY_BODY = YES;
				CLANG_WARN_ENUM_CONVERSION = YES;
				CLANG_WARN_INFINITE_RECURSION = YES;
				CLANG_WARN_INT_CONVERSION = YES;
				CLANG_WARN_NON_LITERAL_NULL_CONVERSION = YES;
				CLANG_WARN_OBJC_IMPLICIT_RETAIN_SELF = YES;
				CLANG_WARN_OBJC_LITERAL_CONVERSION = YES;
				CLANG_WARN_OBJC_ROOT_CLASS = YES_ERROR;
				CLANG_WARN_QUOTED_INCLUDE_IN_FRAMEWORK_HEADER = YES;
				CLANG_WARN_RANGE_LOOP_ANALYSIS = YES;
				CLANG_WARN_STRICT_PROTOTYPES = YES;
				CLANG_WARN_SUSPICIOUS_MOVE = YES;
				CLANG_WARN_UNGUARDED_AVAILABILITY = YES_AGGRESSIVE;
				CLANG_WARN_UNREACHABLE_CODE = YES;
				CLANG_WARN__DUPLICATE_METHOD_MATCH = YES;
				COPY_PHASE_STRIP = NO;
				DEBUG_INFORMATION_FORMAT = dwarf;
				DEVELOPMENT_TEAM = "${TEAM_ID}";
				ENABLE_STRICT_OBJC_MSGSEND = YES;
				ENABLE_TESTABILITY = YES;
				ENABLE_USER_SCRIPT_SANDBOXING = NO;
				GCC_C_LANGUAGE_STANDARD = gnu17;
				GCC_DYNAMIC_NO_PIC = NO;
				GCC_NO_COMMON_BLOCKS = YES;
				GCC_OPTIMIZATION_LEVEL = 0;
				GCC_PREPROCESSOR_DEFINITIONS = (
					"DEBUG=1",
					"$(inherited)",
				);
				GCC_WARN_64_TO_32_BIT_CONVERSION = YES;
				GCC_WARN_ABOUT_RETURN_TYPE = YES_ERROR;
				GCC_WARN_UNDECLARED_SELECTOR = YES;
				GCC_WARN_UNINITIALIZED_AUTOS = YES_AGGRESSIVE;
				GCC_WARN_UNUSED_FUNCTION = YES;
				GCC_WARN_UNUSED_VARIABLE = YES;
				IPHONEOS_DEPLOYMENT_TARGET = 18.2;
				LOCALIZATION_PREFERS_STRING_CATALOGS = YES;
				MTL_ENABLE_DEBUG_INFO = INCLUDE_SOURCE;
				MTL_FAST_MATH = YES;
				ONLY_ACTIVE_ARCH = YES;
				SDKROOT = iphoneos;
				STRING_CATALOG_GENERATE_SYMBOLS = YES;
				SWIFT_ACTIVE_COMPILATION_CONDITIONS = "DEBUG $(inherited)";
				SWIFT_OPTIMIZATION_LEVEL = "-Onone";
			};
			name = Debug;
		};
/* End XCBuildConfiguration section */

/* Begin XCConfigurationList section */
		1D2DF2A3C5F4CD41033CA4F3 /* Build configuration list for PBXProject "iosApp" */ = {
			isa = XCConfigurationList;
			buildConfigurations = (
				E1EAD9E8134C18787D377588 /* Debug */,
				0C0230FD72C00038651BCC7F /* Release */,
			);
			defaultConfigurationIsVisible = 0;
			defaultConfigurationName = Release;
		};
		D9B566E650CE31D5D47D0596 /* Build configuration list for PBXNativeTarget "iosApp" */ = {
			isa = XCConfigurationList;
			buildConfigurations = (
				3F9786402336C14104B24807 /* Debug */,
				2793830B4FE1E7CF523C85D9 /* Release */,
			);
			defaultConfigurationIsVisible = 0;
			defaultConfigurationName = Release;
		};
/* End XCConfigurationList section */

/* Begin XCRemoteSwiftPackageReference section */
		889AFC3B2E9C52D2008D3E71 /* XCRemoteSwiftPackageReference "GoogleSignIn-iOS" */ = {
			isa = XCRemoteSwiftPackageReference;
			repositoryURL = "https://github.com/google/GoogleSignIn-iOS";
			requirement = {
				kind = upToNextMajorVersion;
				minimumVersion = 9.0.0;
			};
		};
		889AFC402E9C6C05008D3E71 /* XCRemoteSwiftPackageReference "firebase-ios-sdk" */ = {
			isa = XCRemoteSwiftPackageReference;
			repositoryURL = "https://github.com/firebase/firebase-ios-sdk";
			requirement = {
				kind = upToNextMajorVersion;
				minimumVersion = 12.4.0;
			};
		};
/* End XCRemoteSwiftPackageReference section */

/* Begin XCSwiftPackageProductDependency section */
		889AFC3C2E9C52D2008D3E71 /* GoogleSignIn */ = {
			isa = XCSwiftPackageProductDependency;
			package = 889AFC3B2E9C52D2008D3E71 /* XCRemoteSwiftPackageReference "GoogleSignIn-iOS" */;
			productName = GoogleSignIn;
		};
		889AFC3E2E9C52D2008D3E71 /* GoogleSignInSwift */ = {
			isa = XCSwiftPackageProductDependency;
			package = 889AFC3B2E9C52D2008D3E71 /* XCRemoteSwiftPackageReference "GoogleSignIn-iOS" */;
			productName = GoogleSignInSwift;
		};
		889AFC412E9C6C05008D3E71 /* FirebaseAnalytics */ = {
			isa = XCSwiftPackageProductDependency;
			package = 889AFC402E9C6C05008D3E71 /* XCRemoteSwiftPackageReference "firebase-ios-sdk" */;
			productName = FirebaseAnalytics;
		};
		889AFC432E9C6C05008D3E71 /* FirebaseAuth */ = {
			isa = XCSwiftPackageProductDependency;
			package = 889AFC402E9C6C05008D3E71 /* XCRemoteSwiftPackageReference "firebase-ios-sdk" */;
			productName = FirebaseAuth;
		};
		889AFC452E9C6C05008D3E71 /* FirebaseAuthCombine-Community */ = {
			isa = XCSwiftPackageProductDependency;
			package = 889AFC402E9C6C05008D3E71 /* XCRemoteSwiftPackageReference "firebase-ios-sdk" */;
			productName = "FirebaseAuthCombine-Community";
		};
		889AFC472E9C6C05008D3E71 /* FirebaseCore */ = {
			isa = XCSwiftPackageProductDependency;
			package = 889AFC402E9C6C05008D3E71 /* XCRemoteSwiftPackageReference "firebase-ios-sdk" */;
			productName = FirebaseCore;
		};
		889AFC492E9C6C05008D3E71 /* FirebaseCrashlytics */ = {
			isa = XCSwiftPackageProductDependency;
			package = 889AFC402E9C6C05008D3E71 /* XCRemoteSwiftPackageReference "firebase-ios-sdk" */;
			productName = FirebaseCrashlytics;
		};
		889AFC4B2E9C6C05008D3E71 /* FirebaseFirestore */ = {
			isa = XCSwiftPackageProductDependency;
			package = 889AFC402E9C6C05008D3E71 /* XCRemoteSwiftPackageReference "firebase-ios-sdk" */;
			productName = FirebaseFirestore;
		};
		889AFC4D2E9C6C05008D3E71 /* FirebaseFirestoreCombine-Community */ = {
			isa = XCSwiftPackageProductDependency;
			package = 889AFC402E9C6C05008D3E71 /* XCRemoteSwiftPackageReference "firebase-ios-sdk" */;
			productName = "FirebaseFirestoreCombine-Community";
		};
		889AFC4F2E9C6C05008D3E71 /* FirebaseInAppMessaging-Beta */ = {
			isa = XCSwiftPackageProductDependency;
			package = 889AFC402E9C6C05008D3E71 /* XCRemoteSwiftPackageReference "firebase-ios-sdk" */;
			productName = "FirebaseInAppMessaging-Beta";
		};
		889AFC512E9C6C05008D3E71 /* FirebaseMessaging */ = {
			isa = XCSwiftPackageProductDependency;
			package = 889AFC402E9C6C05008D3E71 /* XCRemoteSwiftPackageReference "firebase-ios-sdk" */;
			productName = FirebaseMessaging;
		};
		889AFC532E9C6C05008D3E71 /* FirebaseStorage */ = {
			isa = XCSwiftPackageProductDependency;
			package = 889AFC402E9C6C05008D3E71 /* XCRemoteSwiftPackageReference "firebase-ios-sdk" */;
			productName = FirebaseStorage;
		};
/* End XCSwiftPackageProductDependency section */
	};
	rootObject = F0C9D5FD9EC39E7F9669B928 /* Project object */;
}
